
Microsoft Visual Studio Solution File, Format Version 12.00
# Visual Studio 15
VisualStudioVersion = 15.0.27428.2005
MinimumVisualStudioVersion = 10.0.40219.1
Project("{159641D6-6404-4A2A-AE62-294DE0FE8301}") = "DWH-Groep-Geel-2", "DWH-Groep-Geel-2\DWH-Groep-Geel-2.dtproj", "{D32FB81C-1E09-4873-88E9-7910927156AC}"
EndProject
Global
	GlobalSection(SolutionConfigurationPlatforms) = preSolution
		Development|Default = Development|Default
	EndGlobalSection
	GlobalSection(ProjectConfigurationPlatforms) = postSolution
		{D32FB81C-1E09-4873-88E9-7910927156AC}.Development|Default.ActiveCfg = Development
		{D32FB81C-1E09-4873-88E9-7910927156AC}.Development|Default.Build.0 = Development
	EndGlobalSection
	GlobalSection(SolutionProperties) = preSolution
		HideSolutionNode = FALSE
	EndGlobalSection
	GlobalSection(ExtensibilityGlobals) = postSolution
		SolutionGuid = {5FAD60B6-9776-49C3-8EE1-FEC49A67AB5D}
	EndGlobalSection
EndGlobal
